/scratch/jh7685/sfp_nsd/derivatives_HPC/simulation/results_2D/loss_history_full_ver-True_pw-True_noise_mtpl-1_subj-01_lr-0.0005_eph-20000.csv
/scratch/jh7685/sfp_nsd/derivatives_HPC/simulation/results_2D/loss_history_full_ver-True_pw-True_noise_mtpl-1_subj-02_lr-0.0005_eph-20000.csv
/scratch/jh7685/sfp_nsd/derivatives_HPC/simulation/results_2D/loss_history_full_ver-True_pw-True_noise_mtpl-1_subj-03_lr-0.0005_eph-20000.csv
/scratch/jh7685/sfp_nsd/derivatives_HPC/simulation/results_2D/loss_history_full_ver-True_pw-True_noise_mtpl-1_subj-04_lr-0.0005_eph-20000.csv
/scratch/jh7685/sfp_nsd/derivatives_HPC/simulation/results_2D/loss_history_full_ver-True_pw-True_noise_mtpl-1_subj-05_lr-0.0005_eph-20000.csv
/scratch/jh7685/sfp_nsd/derivatives_HPC/simulation/results_2D/loss_history_full_ver-True_pw-True_noise_mtpl-1_subj-06_lr-0.0005_eph-20000.csv
/scratch/jh7685/sfp_nsd/derivatives_HPC/simulation/results_2D/loss_history_full_ver-True_pw-True_noise_mtpl-1_subj-07_lr-0.0005_eph-20000.csv
/scratch/jh7685/sfp_nsd/derivatives_HPC/simulation/results_2D/loss_history_full_ver-True_pw-True_noise_mtpl-1_subj-08_lr-0.0005_eph-20000.csv
/scratch/jh7685/sfp_nsd/derivatives_HPC/simulation/synthetic_data_2D/syn_data_2d_full_ver-True_pw-True_noise_mtpl-1_subj-01.csv
/scratch/jh7685/sfp_nsd/derivatives_HPC/simulation/synthetic_data_2D/original_syn_data_2d_full_ver-True_pw-True_noise_mtpl-0_subj-01.csv
/home/jh7685/sfp_nsd/natural-scenes-dataset/derivatives/dataframes
/scratch/jh7685/sfp_nsd/derivatives_HPC/simulation/synthetic_data_2D/syn_data_2d_full_ver-True_pw-True_noise_mtpl-1_subj-02.csv
/scratch/jh7685/sfp_nsd/derivatives_HPC/simulation/synthetic_data_2D/original_syn_data_2d_full_ver-True_pw-True_noise_mtpl-0_subj-02.csv
/home/jh7685/sfp_nsd/natural-scenes-dataset/derivatives/dataframes
/scratch/jh7685/sfp_nsd/derivatives_HPC/simulation/synthetic_data_2D/syn_data_2d_full_ver-True_pw-True_noise_mtpl-1_subj-03.csv
/scratch/jh7685/sfp_nsd/derivatives_HPC/simulation/synthetic_data_2D/original_syn_data_2d_full_ver-True_pw-True_noise_mtpl-0_subj-03.csv
/home/jh7685/sfp_nsd/natural-scenes-dataset/derivatives/dataframes
/scratch/jh7685/sfp_nsd/derivatives_HPC/simulation/synthetic_data_2D/syn_data_2d_full_ver-True_pw-True_noise_mtpl-1_subj-04.csv
/scratch/jh7685/sfp_nsd/derivatives_HPC/simulation/synthetic_data_2D/original_syn_data_2d_full_ver-True_pw-True_noise_mtpl-0_subj-04.csv
/home/jh7685/sfp_nsd/natural-scenes-dataset/derivatives/dataframes
/scratch/jh7685/sfp_nsd/derivatives_HPC/simulation/synthetic_data_2D/syn_data_2d_full_ver-True_pw-True_noise_mtpl-1_subj-05.csv
/scratch/jh7685/sfp_nsd/derivatives_HPC/simulation/synthetic_data_2D/original_syn_data_2d_full_ver-True_pw-True_noise_mtpl-0_subj-05.csv
/home/jh7685/sfp_nsd/natural-scenes-dataset/derivatives/dataframes
/scratch/jh7685/sfp_nsd/derivatives_HPC/simulation/synthetic_data_2D/syn_data_2d_full_ver-True_pw-True_noise_mtpl-1_subj-06.csv
/scratch/jh7685/sfp_nsd/derivatives_HPC/simulation/synthetic_data_2D/original_syn_data_2d_full_ver-True_pw-True_noise_mtpl-0_subj-06.csv
/home/jh7685/sfp_nsd/natural-scenes-dataset/derivatives/dataframes
/scratch/jh7685/sfp_nsd/derivatives_HPC/simulation/synthetic_data_2D/syn_data_2d_full_ver-True_pw-True_noise_mtpl-1_subj-07.csv
/scratch/jh7685/sfp_nsd/derivatives_HPC/simulation/synthetic_data_2D/original_syn_data_2d_full_ver-True_pw-True_noise_mtpl-0_subj-07.csv
/home/jh7685/sfp_nsd/natural-scenes-dataset/derivatives/dataframes
/scratch/jh7685/sfp_nsd/derivatives_HPC/simulation/synthetic_data_2D/syn_data_2d_full_ver-True_pw-True_noise_mtpl-1_subj-08.csv
/scratch/jh7685/sfp_nsd/derivatives_HPC/simulation/synthetic_data_2D/original_syn_data_2d_full_ver-True_pw-True_noise_mtpl-0_subj-08.csv
/home/jh7685/sfp_nsd/natural-scenes-dataset/derivatives/dataframes
