/scratch/jh7685/sfp_nsd/derivatives_HPC/simulation/results_2D/model_history_full_ver-True_pw-True_noise_mtpl-1_subj-02_lr-0.0005_eph-20000.csv
/scratch/jh7685/sfp_nsd/derivatives_HPC/simulation/results_2D/loss_history_full_ver-True_pw-True_noise_mtpl-1_subj-02_lr-0.0005_eph-20000.csv
/scratch/jh7685/sfp_nsd/derivatives_HPC/simulation/results_2D/losses_history_full_ver-True_pw-True_noise_mtpl-1_subj-02_lr-0.0005_eph-20000.csv
/scratch/jh7685/sfp_nsd/derivatives_HPC/simulation/results_2D/model_history_full_ver-True_pw-True_noise_mtpl-1_subj-07_lr-0.0005_eph-20000.csv
/scratch/jh7685/sfp_nsd/derivatives_HPC/simulation/results_2D/loss_history_full_ver-True_pw-True_noise_mtpl-1_subj-07_lr-0.0005_eph-20000.csv
/scratch/jh7685/sfp_nsd/derivatives_HPC/simulation/results_2D/losses_history_full_ver-True_pw-True_noise_mtpl-1_subj-07_lr-0.0005_eph-20000.csv
/scratch/jh7685/sfp_nsd/derivatives_HPC/simulation/results_2D/model_history_full_ver-True_pw-True_noise_mtpl-1_subj-03_lr-0.0005_eph-20000.csv
/scratch/jh7685/sfp_nsd/derivatives_HPC/simulation/results_2D/loss_history_full_ver-True_pw-True_noise_mtpl-1_subj-03_lr-0.0005_eph-20000.csv
/scratch/jh7685/sfp_nsd/derivatives_HPC/simulation/results_2D/losses_history_full_ver-True_pw-True_noise_mtpl-1_subj-03_lr-0.0005_eph-20000.csv
/scratch/jh7685/sfp_nsd/derivatives_HPC/simulation/results_2D/model_history_full_ver-True_pw-True_noise_mtpl-1_subj-01_lr-0.0005_eph-20000.csv
/scratch/jh7685/sfp_nsd/derivatives_HPC/simulation/results_2D/loss_history_full_ver-True_pw-True_noise_mtpl-1_subj-01_lr-0.0005_eph-20000.csv
/scratch/jh7685/sfp_nsd/derivatives_HPC/simulation/results_2D/losses_history_full_ver-True_pw-True_noise_mtpl-1_subj-01_lr-0.0005_eph-20000.csv
/scratch/jh7685/sfp_nsd/derivatives_HPC/simulation/results_2D/model_history_full_ver-True_pw-True_noise_mtpl-1_subj-05_lr-0.0005_eph-20000.csv
/scratch/jh7685/sfp_nsd/derivatives_HPC/simulation/results_2D/loss_history_full_ver-True_pw-True_noise_mtpl-1_subj-05_lr-0.0005_eph-20000.csv
/scratch/jh7685/sfp_nsd/derivatives_HPC/simulation/results_2D/losses_history_full_ver-True_pw-True_noise_mtpl-1_subj-05_lr-0.0005_eph-20000.csv
/scratch/jh7685/sfp_nsd/derivatives_HPC/simulation/results_2D/model_history_full_ver-True_pw-True_noise_mtpl-1_subj-08_lr-0.0005_eph-20000.csv
/scratch/jh7685/sfp_nsd/derivatives_HPC/simulation/results_2D/loss_history_full_ver-True_pw-True_noise_mtpl-1_subj-08_lr-0.0005_eph-20000.csv
/scratch/jh7685/sfp_nsd/derivatives_HPC/simulation/results_2D/losses_history_full_ver-True_pw-True_noise_mtpl-1_subj-08_lr-0.0005_eph-20000.csv
/scratch/jh7685/sfp_nsd/derivatives_HPC/simulation/results_2D/model_history_full_ver-True_pw-True_noise_mtpl-1_subj-04_lr-0.0005_eph-20000.csv
/scratch/jh7685/sfp_nsd/derivatives_HPC/simulation/results_2D/loss_history_full_ver-True_pw-True_noise_mtpl-1_subj-04_lr-0.0005_eph-20000.csv
/scratch/jh7685/sfp_nsd/derivatives_HPC/simulation/results_2D/losses_history_full_ver-True_pw-True_noise_mtpl-1_subj-04_lr-0.0005_eph-20000.csv
/scratch/jh7685/sfp_nsd/derivatives_HPC/simulation/results_2D/model_history_full_ver-True_pw-True_noise_mtpl-1_subj-06_lr-0.0005_eph-20000.csv
/scratch/jh7685/sfp_nsd/derivatives_HPC/simulation/results_2D/loss_history_full_ver-True_pw-True_noise_mtpl-1_subj-06_lr-0.0005_eph-20000.csv
/scratch/jh7685/sfp_nsd/derivatives_HPC/simulation/results_2D/losses_history_full_ver-True_pw-True_noise_mtpl-1_subj-06_lr-0.0005_eph-20000.csv
